{
  "name": "megasite",
  "version": "1.0.0",
  "lockfileVersion": 3,
  "requires": true,
  "packages": {
    "": {
      "name": "megasite",
      "version": "1.0.0",
      "license": "ISC",
      "dependencies": {
        "espeak": "^0.0.3",
        "nodemailer": "^8.0.4"
      }
    },
    "node_modules/espeak": {
      "version": "0.0.3",
      "resolved": "https://registry.npmjs.org/espeak/-/espeak-0.0.3.tgz",
      "integrity": "sha512-DbL1V00yPBf70YxnyGHOHGb5Ld3zPo6ZivqfMJeIzll+5kXzQrOE3O29DRLyDelrMTt009fVsTiQBaWLXAIPIA==",
      "license": "MIT",
      "engines": {
        "node": ">=0.6.x <0.9.0"
      }
    },
    "node_modules/nodemailer": {
      "version": "8.0.4",
      "resolved": "https://registry.npmjs.org/nodemailer/-/nodemailer-8.0.4.tgz",
      "integrity": "sha512-k+jf6N8PfQJ0Fe8ZhJlgqU5qJU44Lpvp2yvidH3vp1lPnVQMgi4yEEMPXg5eJS1gFIJTVq1NHBk7Ia9ARdSBdQ==",
      "license": "MIT-0",
      "engines": {
        "node": ">=6.0.0"
      }
    }
  }
}
