{
  "name": "megasite",
  "version": "1.0.0",
  "lockfileVersion": 3,
  "requires": true,
  "packages": {
    "": {
      "name": "megasite",
      "version": "1.0.0",
      "license": "ISC",
      "dependencies": {
        "dotenv": "^17.2.3",
        "espeak": "^0.0.3"
      },
      "devDependencies": {}
    },
    "node_modules/dotenv": {
      "version": "17.2.3",
      "resolved": "https://registry.npmjs.org/dotenv/-/dotenv-17.2.3.tgz",
      "integrity": "sha512-JVUnt+DUIzu87TABbhPmNfVdBDt18BLOWjMUFJMSi/Qqg7NTYtabbvSNJGOJ7afbRuv9D/lngizHtP7QyLQ+9w==",
      "license": "BSD-2-Clause",
      "engines": {
        "node": ">=12"
      },
      "funding": {
        "url": "https://dotenvx.com"
      }
    },
    "node_modules/espeak": {
      "version": "0.0.3",
      "resolved": "https://registry.npmjs.org/espeak/-/espeak-0.0.3.tgz",
      "integrity": "sha512-DbL1V00yPBf70YxnyGHOHGb5Ld3zPo6ZivqfMJeIzll+5kXzQrOE3O29DRLyDelrMTt009fVsTiQBaWLXAIPIA==",
      "license": "MIT",
      "engines": {
        "node": ">=0.6.x <0.9.0"
      }
    }
  }
}
